// !$*UTF8*$!
{
	archiveVersion = 1;
	classes = {
	};
	objectVersion = 46;
	objects = {

/* Begin PBXBuildFile section */
		38075108145014E6008DBCBF /* ExtendablePalletView.m in Sources */ = {isa = PBXBuildFile; fileRef = 38075107145014E6008DBCBF /* ExtendablePalletView.m */; };
		386C7169144B89BB00AAA6BA /* UIKit.framework in Frameworks */ = {isa = PBXBuildFile; fileRef = 386C7168144B89BB00AAA6BA /* UIKit.framework */; };
		386C716B144B89BB00AAA6BA /* Foundation.framework in Frameworks */ = {isa = PBXBuildFile; fileRef = 386C716A144B89BB00AAA6BA /* Foundation.framework */; };
		386C716D144B89BB00AAA6BA /* CoreGraphics.framework in Frameworks */ = {isa = PBXBuildFile; fileRef = 386C716C144B89BB00AAA6BA /* CoreGraphics.framework */; };
		386C7173144B89BB00AAA6BA /* InfoPlist.strings in Resources */ = {isa = PBXBuildFile; fileRef = 386C7171144B89BB00AAA6BA /* InfoPlist.strings */; };
		386C7175144B89BB00AAA6BA /* main.m in Sources */ = {isa = PBXBuildFile; fileRef = 386C7174144B89BB00AAA6BA /* main.m */; };
		386C7179144B89BB00AAA6BA /* StudyAppDelegate.m in Sources */ = {isa = PBXBuildFile; fileRef = 386C7178144B89BB00AAA6BA /* StudyAppDelegate.m */; };
		386C7184144B8A2400AAA6BA /* QuartzCore.framework in Frameworks */ = {isa = PBXBuildFile; fileRef = 386C7183144B8A2400AAA6BA /* QuartzCore.framework */; };
		386C718A144B8A9900AAA6BA /* TargetActionHandler.m in Sources */ = {isa = PBXBuildFile; fileRef = 386C7187144B8A9900AAA6BA /* TargetActionHandler.m */; };
		386C718B144B8A9900AAA6BA /* Pallet.m in Sources */ = {isa = PBXBuildFile; fileRef = 386C7189144B8A9900AAA6BA /* Pallet.m */; };
		386C718E144B8AA700AAA6BA /* CanvasView.m in Sources */ = {isa = PBXBuildFile; fileRef = 386C718D144B8AA700AAA6BA /* CanvasView.m */; };
		38FC3DB8146CB4780019A6A0 /* ThumbnailView.m in Sources */ = {isa = PBXBuildFile; fileRef = 38FC3DB7146CB4780019A6A0 /* ThumbnailView.m */; };
/* End PBXBuildFile section */

/* Begin PBXFileReference section */
		38075106145014E6008DBCBF /* ExtendablePalletView.h */ = {isa = PBXFileReference; fileEncoding = 4; lastKnownFileType = sourcecode.c.h; name = ExtendablePalletView.h; path = ../../SlideIn/SlideIn/ExtendablePalletView.h; sourceTree = "<group>"; };
		38075107145014E6008DBCBF /* ExtendablePalletView.m */ = {isa = PBXFileReference; fileEncoding = 4; lastKnownFileType = sourcecode.c.objc; name = ExtendablePalletView.m; path = ../../SlideIn/SlideIn/ExtendablePalletView.m; sourceTree = "<group>"; };
		386C7164144B89BB00AAA6BA /* CanvasWithPallet.app */ = {isa = PBXFileReference; explicitFileType = wrapper.application; includeInIndex = 0; path = CanvasWithPallet.app; sourceTree = BUILT_PRODUCTS_DIR; };
		386C7168144B89BB00AAA6BA /* UIKit.framework */ = {isa = PBXFileReference; lastKnownFileType = wrapper.framework; name = UIKit.framework; path = System/Library/Frameworks/UIKit.framework; sourceTree = SDKROOT; };
		386C716A144B89BB00AAA6BA /* Foundation.framework */ = {isa = PBXFileReference; lastKnownFileType = wrapper.framework; name = Foundation.framework; path = System/Library/Frameworks/Foundation.framework; sourceTree = SDKROOT; };
		386C716C144B89BB00AAA6BA /* CoreGraphics.framework */ = {isa = PBXFileReference; lastKnownFileType = wrapper.framework; name = CoreGraphics.framework; path = System/Library/Frameworks/CoreGraphics.framework; sourceTree = SDKROOT; };
		386C7170144B89BB00AAA6BA /* CanvasWithPallet-Info.plist */ = {isa = PBXFileReference; lastKnownFileType = text.plist.xml; path = "CanvasWithPallet-Info.plist"; sourceTree = "<group>"; };
		386C7172144B89BB00AAA6BA /* en */ = {isa = PBXFileReference; lastKnownFileType = text.plist.strings; name = en; path = en.lproj/InfoPlist.strings; sourceTree = "<group>"; };
		386C7174144B89BB00AAA6BA /* main.m */ = {isa = PBXFileReference; lastKnownFileType = sourcecode.c.objc; path = main.m; sourceTree = "<group>"; };
		386C7176144B89BB00AAA6BA /* CanvasWithPallet-Prefix.pch */ = {isa = PBXFileReference; lastKnownFileType = sourcecode.c.h; path = "CanvasWithPallet-Prefix.pch"; sourceTree = "<group>"; };
		386C7177144B89BB00AAA6BA /* StudyAppDelegate.h */ = {isa = PBXFileReference; lastKnownFileType = sourcecode.c.h; path = StudyAppDelegate.h; sourceTree = "<group>"; };
		386C7178144B89BB00AAA6BA /* StudyAppDelegate.m */ = {isa = PBXFileReference; lastKnownFileType = sourcecode.c.objc; path = StudyAppDelegate.m; sourceTree = "<group>"; };
		386C7183144B8A2400AAA6BA /* QuartzCore.framework */ = {isa = PBXFileReference; lastKnownFileType = wrapper.framework; name = QuartzCore.framework; path = System/Library/Frameworks/QuartzCore.framework; sourceTree = SDKROOT; };
		386C7186144B8A9900AAA6BA /* TargetActionHandler.h */ = {isa = PBXFileReference; fileEncoding = 4; lastKnownFileType = sourcecode.c.h; name = TargetActionHandler.h; path = ../../Pallet/Pallet/TargetActionHandler.h; sourceTree = "<group>"; };
		386C7187144B8A9900AAA6BA /* TargetActionHandler.m */ = {isa = PBXFileReference; fileEncoding = 4; lastKnownFileType = sourcecode.c.objc; name = TargetActionHandler.m; path = ../../Pallet/Pallet/TargetActionHandler.m; sourceTree = "<group>"; };
		386C7188144B8A9900AAA6BA /* Pallet.h */ = {isa = PBXFileReference; fileEncoding = 4; lastKnownFileType = sourcecode.c.h; name = Pallet.h; path = ../../Pallet/Pallet/Pallet.h; sourceTree = "<group>"; };
		386C7189144B8A9900AAA6BA /* Pallet.m */ = {isa = PBXFileReference; fileEncoding = 4; lastKnownFileType = sourcecode.c.objc; name = Pallet.m; path = ../../Pallet/Pallet/Pallet.m; sourceTree = "<group>"; };
		386C718C144B8AA700AAA6BA /* CanvasView.h */ = {isa = PBXFileReference; fileEncoding = 4; lastKnownFileType = sourcecode.c.h; name = CanvasView.h; path = ../../Canvas/Canvas/CanvasView.h; sourceTree = "<group>"; };
		386C718D144B8AA700AAA6BA /* CanvasView.m */ = {isa = PBXFileReference; fileEncoding = 4; lastKnownFileType = sourcecode.c.objc; name = CanvasView.m; path = ../../Canvas/Canvas/CanvasView.m; sourceTree = "<group>"; };
		38FC3DB6146CB4780019A6A0 /* ThumbnailView.h */ = {isa = PBXFileReference; fileEncoding = 4; lastKnownFileType = sourcecode.c.h; name = ThumbnailView.h; path = ../../Thumbnail/Thumbnail/ThumbnailView.h; sourceTree = "<group>"; };
		38FC3DB7146CB4780019A6A0 /* ThumbnailView.m */ = {isa = PBXFileReference; fileEncoding = 4; lastKnownFileType = sourcecode.c.objc; name = ThumbnailView.m; path = ../../Thumbnail/Thumbnail/ThumbnailView.m; sourceTree = "<group>"; };
/* End PBXFileReference section */

/* Begin PBXFrameworksBuildPhase section */
		386C7161144B89BB00AAA6BA /* Frameworks */ = {
			isa = PBXFrameworksBuildPhase;
			buildActionMask = 2147483647;
			files = (
				386C7184144B8A2400AAA6BA /* QuartzCore.framework in Frameworks */,
				386C7169144B89BB00AAA6BA /* UIKit.framework in Frameworks */,
				386C716B144B89BB00AAA6BA /* Foundation.framework in Frameworks */,
				386C716D144B89BB00AAA6BA /* CoreGraphics.framework in Frameworks */,
			);
			runOnlyForDeploymentPostprocessing = 0;
		};
/* End PBXFrameworksBuildPhase section */

/* Begin PBXGroup section */
		386C7159144B89BB00AAA6BA = {
			isa = PBXGroup;
			children = (
				386C7183144B8A2400AAA6BA /* QuartzCore.framework */,
				386C716E144B89BB00AAA6BA /* CanvasWithPallet */,
				386C7167144B89BB00AAA6BA /* Frameworks */,
				386C7165144B89BB00AAA6BA /* Products */,
			);
			sourceTree = "<group>";
		};
		386C7165144B89BB00AAA6BA /* Products */ = {
			isa = PBXGroup;
			children = (
				386C7164144B89BB00AAA6BA /* CanvasWithPallet.app */,
			);
			name = Products;
			sourceTree = "<group>";
		};
		386C7167144B89BB00AAA6BA /* Frameworks */ = {
			isa = PBXGroup;
			children = (
				386C7168144B89BB00AAA6BA /* UIKit.framework */,
				386C716A144B89BB00AAA6BA /* Foundation.framework */,
				386C716C144B89BB00AAA6BA /* CoreGraphics.framework */,
			);
			name = Frameworks;
			sourceTree = "<group>";
		};
		386C716E144B89BB00AAA6BA /* CanvasWithPallet */ = {
			isa = PBXGroup;
			children = (
				38FC3DB6146CB4780019A6A0 /* ThumbnailView.h */,
				38FC3DB7146CB4780019A6A0 /* ThumbnailView.m */,
				386C718C144B8AA700AAA6BA /* CanvasView.h */,
				386C718D144B8AA700AAA6BA /* CanvasView.m */,
				386C7186144B8A9900AAA6BA /* TargetActionHandler.h */,
				386C7187144B8A9900AAA6BA /* TargetActionHandler.m */,
				386C7188144B8A9900AAA6BA /* Pallet.h */,
				386C7189144B8A9900AAA6BA /* Pallet.m */,
				38075106145014E6008DBCBF /* ExtendablePalletView.h */,
				38075107145014E6008DBCBF /* ExtendablePalletView.m */,
				386C7177144B89BB00AAA6BA /* StudyAppDelegate.h */,
				386C7178144B89BB00AAA6BA /* StudyAppDelegate.m */,
				386C716F144B89BB00AAA6BA /* Supporting Files */,
			);
			path = CanvasWithPallet;
			sourceTree = "<group>";
		};
		386C716F144B89BB00AAA6BA /* Supporting Files */ = {
			isa = PBXGroup;
			children = (
				386C7170144B89BB00AAA6BA /* CanvasWithPallet-Info.plist */,
				386C7171144B89BB00AAA6BA /* InfoPlist.strings */,
				386C7174144B89BB00AAA6BA /* main.m */,
				386C7176144B89BB00AAA6BA /* CanvasWithPallet-Prefix.pch */,
			);
			name = "Supporting Files";
			sourceTree = "<group>";
		};
/* End PBXGroup section */

/* Begin PBXNativeTarget section */
		386C7163144B89BB00AAA6BA /* CanvasWithPallet */ = {
			isa = PBXNativeTarget;
			buildConfigurationList = 386C717C144B89BB00AAA6BA /* Build configuration list for PBXNativeTarget "CanvasWithPallet" */;
			buildPhases = (
				386C7160144B89BB00AAA6BA /* Sources */,
				386C7161144B89BB00AAA6BA /* Frameworks */,
				386C7162144B89BB00AAA6BA /* Resources */,
			);
			buildRules = (
			);
			dependencies = (
			);
			name = CanvasWithPallet;
			productName = CanvasWithPallet;
			productReference = 386C7164144B89BB00AAA6BA /* CanvasWithPallet.app */;
			productType = "com.apple.product-type.application";
		};
/* End PBXNativeTarget section */

/* Begin PBXProject section */
		386C715B144B89BB00AAA6BA /* Project object */ = {
			isa = PBXProject;
			attributes = {
				LastUpgradeCheck = 0430;
			};
			buildConfigurationList = 386C715E144B89BB00AAA6BA /* Build configuration list for PBXProject "CanvasWithPallet" */;
			compatibilityVersion = "Xcode 3.2";
			developmentRegion = English;
			hasScannedForEncodings = 0;
			knownRegions = (
				en,
			);
			mainGroup = 386C7159144B89BB00AAA6BA;
			productRefGroup = 386C7165144B89BB00AAA6BA /* Products */;
			projectDirPath = "";
			projectRoot = "";
			targets = (
				386C7163144B89BB00AAA6BA /* CanvasWithPallet */,
			);
		};
/* End PBXProject section */

/* Begin PBXResourcesBuildPhase section */
		386C7162144B89BB00AAA6BA /* Resources */ = {
			isa = PBXResourcesBuildPhase;
			buildActionMask = 2147483647;
			files = (
				386C7173144B89BB00AAA6BA /* InfoPlist.strings in Resources */,
			);
			runOnlyForDeploymentPostprocessing = 0;
		};
/* End PBXResourcesBuildPhase section */

/* Begin PBXSourcesBuildPhase section */
		386C7160144B89BB00AAA6BA /* Sources */ = {
			isa = PBXSourcesBuildPhase;
			buildActionMask = 2147483647;
			files = (
				386C7175144B89BB00AAA6BA /* main.m in Sources */,
				386C7179144B89BB00AAA6BA /* StudyAppDelegate.m in Sources */,
				386C718A144B8A9900AAA6BA /* TargetActionHandler.m in Sources */,
				386C718B144B8A9900AAA6BA /* Pallet.m in Sources */,
				386C718E144B8AA700AAA6BA /* CanvasView.m in Sources */,
				38075108145014E6008DBCBF /* ExtendablePalletView.m in Sources */,
				38FC3DB8146CB4780019A6A0 /* ThumbnailView.m in Sources */,
			);
			runOnlyForDeploymentPostprocessing = 0;
		};
/* End PBXSourcesBuildPhase section */

/* Begin PBXVariantGroup section */
		386C7171144B89BB00AAA6BA /* InfoPlist.strings */ = {
			isa = PBXVariantGroup;
			children = (
				386C7172144B89BB00AAA6BA /* en */,
			);
			name = InfoPlist.strings;
			sourceTree = "<group>";
		};
/* End PBXVariantGroup section */

/* Begin XCBuildConfiguration section */
		386C717A144B89BB00AAA6BA /* Debug */ = {
			isa = XCBuildConfiguration;
			buildSettings = {
				ALWAYS_SEARCH_USER_PATHS = NO;
				ARCHS = "$(ARCHS_STANDARD_32_BIT)";
				"CODE_SIGN_IDENTITY[sdk=iphoneos*]" = "iPhone Developer";
				COPY_PHASE_STRIP = NO;
				GCC_C_LANGUAGE_STANDARD = gnu99;
				GCC_DYNAMIC_NO_PIC = NO;
				GCC_OPTIMIZATION_LEVEL = 0;
				GCC_PREPROCESSOR_DEFINITIONS = (
					"DEBUG=1",
					"$(inherited)",
				);
				GCC_SYMBOLS_PRIVATE_EXTERN = NO;
				GCC_VERSION = com.apple.compilers.llvm.clang.1_0;
				GCC_WARN_ABOUT_MISSING_PROTOTYPES = YES;
				GCC_WARN_ABOUT_RETURN_TYPE = YES;
				GCC_WARN_UNUSED_VARIABLE = YES;
				IPHONEOS_DEPLOYMENT_TARGET = 5.0;
				SDKROOT = iphoneos;
			};
			name = Debug;
		};
		386C717B144B89BB00AAA6BA /* Release */ = {
			isa = XCBuildConfiguration;
			buildSettings = {
				ALWAYS_SEARCH_USER_PATHS = NO;
				ARCHS = "$(ARCHS_STANDARD_32_BIT)";
				"CODE_SIGN_IDENTITY[sdk=iphoneos*]" = "iPhone Developer";
				COPY_PHASE_STRIP = YES;
				GCC_C_LANGUAGE_STANDARD = gnu99;
				GCC_VERSION = com.apple.compilers.llvm.clang.1_0;
				GCC_WARN_ABOUT_MISSING_PROTOTYPES = YES;
				GCC_WARN_ABOUT_RETURN_TYPE = YES;
				GCC_WARN_UNUSED_VARIABLE = YES;
				IPHONEOS_DEPLOYMENT_TARGET = 5.0;
				OTHER_CFLAGS = "-DNS_BLOCK_ASSERTIONS=1";
				SDKROOT = iphoneos;
				VALIDATE_PRODUCT = YES;
			};
			name = Release;
		};
		386C717D144B89BB00AAA6BA /* Debug */ = {
			isa = XCBuildConfiguration;
			buildSettings = {
				GCC_PRECOMPILE_PREFIX_HEADER = YES;
				GCC_PREFIX_HEADER = "CanvasWithPallet/CanvasWithPallet-Prefix.pch";
				INFOPLIST_FILE = "CanvasWithPallet/CanvasWithPallet-Info.plist";
				PRODUCT_NAME = "$(TARGET_NAME)";
				WRAPPER_EXTENSION = app;
			};
			name = Debug;
		};
		386C717E144B89BB00AAA6BA /* Release */ = {
			isa = XCBuildConfiguration;
			buildSettings = {
				GCC_PRECOMPILE_PREFIX_HEADER = YES;
				GCC_PREFIX_HEADER = "CanvasWithPallet/CanvasWithPallet-Prefix.pch";
				INFOPLIST_FILE = "CanvasWithPallet/CanvasWithPallet-Info.plist";
				PRODUCT_NAME = "$(TARGET_NAME)";
				WRAPPER_EXTENSION = app;
			};
			name = Release;
		};
/* End XCBuildConfiguration section */

/* Begin XCConfigurationList section */
		386C715E144B89BB00AAA6BA /* Build configuration list for PBXProject "CanvasWithPallet" */ = {
			isa = XCConfigurationList;
			buildConfigurations = (
				386C717A144B89BB00AAA6BA /* Debug */,
				386C717B144B89BB00AAA6BA /* Release */,
			);
			defaultConfigurationIsVisible = 0;
			defaultConfigurationName = Release;
		};
		386C717C144B89BB00AAA6BA /* Build configuration list for PBXNativeTarget "CanvasWithPallet" */ = {
			isa = XCConfigurationList;
			buildConfigurations = (
				386C717D144B89BB00AAA6BA /* Debug */,
				386C717E144B89BB00AAA6BA /* Release */,
			);
			defaultConfigurationIsVisible = 0;
			defaultConfigurationName = Release;
		};
/* End XCConfigurationList section */
	};
	rootObject = 386C715B144B89BB00AAA6BA /* Project object */;
}
