// !$*UTF8*$!
{
	archiveVersion = 1;
	classes = {
	};
	objectVersion = 46;
	objects = {

/* Begin PBXBuildFile section */
		38861C11144B03C900A0D8E7 /* UIKit.framework in Frameworks */ = {isa = PBXBuildFile; fileRef = 38861C10144B03C900A0D8E7 /* UIKit.framework */; };
		38861C13144B03C900A0D8E7 /* Foundation.framework in Frameworks */ = {isa = PBXBuildFile; fileRef = 38861C12144B03C900A0D8E7 /* Foundation.framework */; };
		38861C15144B03C900A0D8E7 /* CoreGraphics.framework in Frameworks */ = {isa = PBXBuildFile; fileRef = 38861C14144B03C900A0D8E7 /* CoreGraphics.framework */; };
		38861C1B144B03C900A0D8E7 /* InfoPlist.strings in Resources */ = {isa = PBXBuildFile; fileRef = 38861C19144B03C900A0D8E7 /* InfoPlist.strings */; };
		38861C1D144B03C900A0D8E7 /* main.m in Sources */ = {isa = PBXBuildFile; fileRef = 38861C1C144B03C900A0D8E7 /* main.m */; };
		38861C21144B03C900A0D8E7 /* StudyAppDelegate.m in Sources */ = {isa = PBXBuildFile; fileRef = 38861C20144B03C900A0D8E7 /* StudyAppDelegate.m */; };
		38861C29144B041000A0D8E7 /* CanvasView.m in Sources */ = {isa = PBXBuildFile; fileRef = 38861C28144B041000A0D8E7 /* CanvasView.m */; };
/* End PBXBuildFile section */

/* Begin PBXFileReference section */
		38861C0C144B03C900A0D8E7 /* Canvas.app */ = {isa = PBXFileReference; explicitFileType = wrapper.application; includeInIndex = 0; path = Canvas.app; sourceTree = BUILT_PRODUCTS_DIR; };
		38861C10144B03C900A0D8E7 /* UIKit.framework */ = {isa = PBXFileReference; lastKnownFileType = wrapper.framework; name = UIKit.framework; path = System/Library/Frameworks/UIKit.framework; sourceTree = SDKROOT; };
		38861C12144B03C900A0D8E7 /* Foundation.framework */ = {isa = PBXFileReference; lastKnownFileType = wrapper.framework; name = Foundation.framework; path = System/Library/Frameworks/Foundation.framework; sourceTree = SDKROOT; };
		38861C14144B03C900A0D8E7 /* CoreGraphics.framework */ = {isa = PBXFileReference; lastKnownFileType = wrapper.framework; name = CoreGraphics.framework; path = System/Library/Frameworks/CoreGraphics.framework; sourceTree = SDKROOT; };
		38861C18144B03C900A0D8E7 /* Canvas-Info.plist */ = {isa = PBXFileReference; lastKnownFileType = text.plist.xml; path = "Canvas-Info.plist"; sourceTree = "<group>"; };
		38861C1A144B03C900A0D8E7 /* en */ = {isa = PBXFileReference; lastKnownFileType = text.plist.strings; name = en; path = en.lproj/InfoPlist.strings; sourceTree = "<group>"; };
		38861C1C144B03C900A0D8E7 /* main.m */ = {isa = PBXFileReference; lastKnownFileType = sourcecode.c.objc; path = main.m; sourceTree = "<group>"; };
		38861C1E144B03C900A0D8E7 /* Canvas-Prefix.pch */ = {isa = PBXFileReference; lastKnownFileType = sourcecode.c.h; path = "Canvas-Prefix.pch"; sourceTree = "<group>"; };
		38861C1F144B03C900A0D8E7 /* StudyAppDelegate.h */ = {isa = PBXFileReference; lastKnownFileType = sourcecode.c.h; path = StudyAppDelegate.h; sourceTree = "<group>"; };
		38861C20144B03C900A0D8E7 /* StudyAppDelegate.m */ = {isa = PBXFileReference; lastKnownFileType = sourcecode.c.objc; path = StudyAppDelegate.m; sourceTree = "<group>"; };
		38861C27144B041000A0D8E7 /* CanvasView.h */ = {isa = PBXFileReference; fileEncoding = 4; lastKnownFileType = sourcecode.c.h; path = CanvasView.h; sourceTree = "<group>"; };
		38861C28144B041000A0D8E7 /* CanvasView.m */ = {isa = PBXFileReference; fileEncoding = 4; lastKnownFileType = sourcecode.c.objc; path = CanvasView.m; sourceTree = "<group>"; };
/* End PBXFileReference section */

/* Begin PBXFrameworksBuildPhase section */
		38861C09144B03C900A0D8E7 /* Frameworks */ = {
			isa = PBXFrameworksBuildPhase;
			buildActionMask = 2147483647;
			files = (
				38861C11144B03C900A0D8E7 /* UIKit.framework in Frameworks */,
				38861C13144B03C900A0D8E7 /* Foundation.framework in Frameworks */,
				38861C15144B03C900A0D8E7 /* CoreGraphics.framework in Frameworks */,
			);
			runOnlyForDeploymentPostprocessing = 0;
		};
/* End PBXFrameworksBuildPhase section */

/* Begin PBXGroup section */
		38861C01144B03C900A0D8E7 = {
			isa = PBXGroup;
			children = (
				38861C16144B03C900A0D8E7 /* Canvas */,
				38861C0F144B03C900A0D8E7 /* Frameworks */,
				38861C0D144B03C900A0D8E7 /* Products */,
			);
			sourceTree = "<group>";
		};
		38861C0D144B03C900A0D8E7 /* Products */ = {
			isa = PBXGroup;
			children = (
				38861C0C144B03C900A0D8E7 /* Canvas.app */,
			);
			name = Products;
			sourceTree = "<group>";
		};
		38861C0F144B03C900A0D8E7 /* Frameworks */ = {
			isa = PBXGroup;
			children = (
				38861C10144B03C900A0D8E7 /* UIKit.framework */,
				38861C12144B03C900A0D8E7 /* Foundation.framework */,
				38861C14144B03C900A0D8E7 /* CoreGraphics.framework */,
			);
			name = Frameworks;
			sourceTree = "<group>";
		};
		38861C16144B03C900A0D8E7 /* Canvas */ = {
			isa = PBXGroup;
			children = (
				38861C1F144B03C900A0D8E7 /* StudyAppDelegate.h */,
				38861C20144B03C900A0D8E7 /* StudyAppDelegate.m */,
				38861C27144B041000A0D8E7 /* CanvasView.h */,
				38861C28144B041000A0D8E7 /* CanvasView.m */,
				38861C17144B03C900A0D8E7 /* Supporting Files */,
			);
			path = Canvas;
			sourceTree = "<group>";
		};
		38861C17144B03C900A0D8E7 /* Supporting Files */ = {
			isa = PBXGroup;
			children = (
				38861C18144B03C900A0D8E7 /* Canvas-Info.plist */,
				38861C19144B03C900A0D8E7 /* InfoPlist.strings */,
				38861C1C144B03C900A0D8E7 /* main.m */,
				38861C1E144B03C900A0D8E7 /* Canvas-Prefix.pch */,
			);
			name = "Supporting Files";
			sourceTree = "<group>";
		};
/* End PBXGroup section */

/* Begin PBXNativeTarget section */
		38861C0B144B03C900A0D8E7 /* Canvas */ = {
			isa = PBXNativeTarget;
			buildConfigurationList = 38861C24144B03C900A0D8E7 /* Build configuration list for PBXNativeTarget "Canvas" */;
			buildPhases = (
				38861C08144B03C900A0D8E7 /* Sources */,
				38861C09144B03C900A0D8E7 /* Frameworks */,
				38861C0A144B03C900A0D8E7 /* Resources */,
			);
			buildRules = (
			);
			dependencies = (
			);
			name = Canvas;
			productName = Canvas;
			productReference = 38861C0C144B03C900A0D8E7 /* Canvas.app */;
			productType = "com.apple.product-type.application";
		};
/* End PBXNativeTarget section */

/* Begin PBXProject section */
		38861C03144B03C900A0D8E7 /* Project object */ = {
			isa = PBXProject;
			attributes = {
				LastUpgradeCheck = 0430;
			};
			buildConfigurationList = 38861C06144B03C900A0D8E7 /* Build configuration list for PBXProject "Canvas" */;
			compatibilityVersion = "Xcode 3.2";
			developmentRegion = English;
			hasScannedForEncodings = 0;
			knownRegions = (
				en,
			);
			mainGroup = 38861C01144B03C900A0D8E7;
			productRefGroup = 38861C0D144B03C900A0D8E7 /* Products */;
			projectDirPath = "";
			projectRoot = "";
			targets = (
				38861C0B144B03C900A0D8E7 /* Canvas */,
			);
		};
/* End PBXProject section */

/* Begin PBXResourcesBuildPhase section */
		38861C0A144B03C900A0D8E7 /* Resources */ = {
			isa = PBXResourcesBuildPhase;
			buildActionMask = 2147483647;
			files = (
				38861C1B144B03C900A0D8E7 /* InfoPlist.strings in Resources */,
			);
			runOnlyForDeploymentPostprocessing = 0;
		};
/* End PBXResourcesBuildPhase section */

/* Begin PBXSourcesBuildPhase section */
		38861C08144B03C900A0D8E7 /* Sources */ = {
			isa = PBXSourcesBuildPhase;
			buildActionMask = 2147483647;
			files = (
				38861C1D144B03C900A0D8E7 /* main.m in Sources */,
				38861C21144B03C900A0D8E7 /* StudyAppDelegate.m in Sources */,
				38861C29144B041000A0D8E7 /* CanvasView.m in Sources */,
			);
			runOnlyForDeploymentPostprocessing = 0;
		};
/* End PBXSourcesBuildPhase section */

/* Begin PBXVariantGroup section */
		38861C19144B03C900A0D8E7 /* InfoPlist.strings */ = {
			isa = PBXVariantGroup;
			children = (
				38861C1A144B03C900A0D8E7 /* en */,
			);
			name = InfoPlist.strings;
			sourceTree = "<group>";
		};
/* End PBXVariantGroup section */

/* Begin XCBuildConfiguration section */
		38861C22144B03C900A0D8E7 /* Debug */ = {
			isa = XCBuildConfiguration;
			buildSettings = {
				ALWAYS_SEARCH_USER_PATHS = NO;
				ARCHS = "$(ARCHS_STANDARD_32_BIT)";
				"CODE_SIGN_IDENTITY[sdk=iphoneos*]" = "iPhone Developer";
				COPY_PHASE_STRIP = NO;
				GCC_C_LANGUAGE_STANDARD = gnu99;
				GCC_DYNAMIC_NO_PIC = NO;
				GCC_OPTIMIZATION_LEVEL = 0;
				GCC_PREPROCESSOR_DEFINITIONS = (
					"DEBUG=1",
					"$(inherited)",
				);
				GCC_SYMBOLS_PRIVATE_EXTERN = NO;
				GCC_VERSION = com.apple.compilers.llvm.clang.1_0;
				GCC_WARN_ABOUT_MISSING_PROTOTYPES = YES;
				GCC_WARN_ABOUT_RETURN_TYPE = YES;
				GCC_WARN_UNUSED_VARIABLE = YES;
				IPHONEOS_DEPLOYMENT_TARGET = 5.0;
				SDKROOT = iphoneos;
			};
			name = Debug;
		};
		38861C23144B03C900A0D8E7 /* Release */ = {
			isa = XCBuildConfiguration;
			buildSettings = {
				ALWAYS_SEARCH_USER_PATHS = NO;
				ARCHS = "$(ARCHS_STANDARD_32_BIT)";
				"CODE_SIGN_IDENTITY[sdk=iphoneos*]" = "iPhone Developer";
				COPY_PHASE_STRIP = YES;
				GCC_C_LANGUAGE_STANDARD = gnu99;
				GCC_VERSION = com.apple.compilers.llvm.clang.1_0;
				GCC_WARN_ABOUT_MISSING_PROTOTYPES = YES;
				GCC_WARN_ABOUT_RETURN_TYPE = YES;
				GCC_WARN_UNUSED_VARIABLE = YES;
				IPHONEOS_DEPLOYMENT_TARGET = 5.0;
				OTHER_CFLAGS = "-DNS_BLOCK_ASSERTIONS=1";
				SDKROOT = iphoneos;
				VALIDATE_PRODUCT = YES;
			};
			name = Release;
		};
		38861C25144B03C900A0D8E7 /* Debug */ = {
			isa = XCBuildConfiguration;
			buildSettings = {
				GCC_PRECOMPILE_PREFIX_HEADER = YES;
				GCC_PREFIX_HEADER = "Canvas/Canvas-Prefix.pch";
				INFOPLIST_FILE = "Canvas/Canvas-Info.plist";
				PRODUCT_NAME = "$(TARGET_NAME)";
				WRAPPER_EXTENSION = app;
			};
			name = Debug;
		};
		38861C26144B03C900A0D8E7 /* Release */ = {
			isa = XCBuildConfiguration;
			buildSettings = {
				GCC_PRECOMPILE_PREFIX_HEADER = YES;
				GCC_PREFIX_HEADER = "Canvas/Canvas-Prefix.pch";
				INFOPLIST_FILE = "Canvas/Canvas-Info.plist";
				PRODUCT_NAME = "$(TARGET_NAME)";
				WRAPPER_EXTENSION = app;
			};
			name = Release;
		};
/* End XCBuildConfiguration section */

/* Begin XCConfigurationList section */
		38861C06144B03C900A0D8E7 /* Build configuration list for PBXProject "Canvas" */ = {
			isa = XCConfigurationList;
			buildConfigurations = (
				38861C22144B03C900A0D8E7 /* Debug */,
				38861C23144B03C900A0D8E7 /* Release */,
			);
			defaultConfigurationIsVisible = 0;
			defaultConfigurationName = Release;
		};
		38861C24144B03C900A0D8E7 /* Build configuration list for PBXNativeTarget "Canvas" */ = {
			isa = XCConfigurationList;
			buildConfigurations = (
				38861C25144B03C900A0D8E7 /* Debug */,
				38861C26144B03C900A0D8E7 /* Release */,
			);
			defaultConfigurationIsVisible = 0;
			defaultConfigurationName = Release;
		};
/* End XCConfigurationList section */
	};
	rootObject = 38861C03144B03C900A0D8E7 /* Project object */;
}
