// !$*UTF8*$!
{
	archiveVersion = 1;
	classes = {
	};
	objectVersion = 46;
	objects = {

/* Begin PBXBuildFile section */
		47E7CE28175CD6ED00B51183 /* UIKit.framework in Frameworks */ = {isa = PBXBuildFile; fileRef = 47E7CE27175CD6ED00B51183 /* UIKit.framework */; };
		47E7CE2A175CD6ED00B51183 /* Foundation.framework in Frameworks */ = {isa = PBXBuildFile; fileRef = 47E7CE29175CD6ED00B51183 /* Foundation.framework */; };
		47E7CE2C175CD6ED00B51183 /* CoreGraphics.framework in Frameworks */ = {isa = PBXBuildFile; fileRef = 47E7CE2B175CD6ED00B51183 /* CoreGraphics.framework */; };
		47E7CE32175CD6ED00B51183 /* InfoPlist.strings in Resources */ = {isa = PBXBuildFile; fileRef = 47E7CE30175CD6ED00B51183 /* InfoPlist.strings */; };
		47E7CE34175CD6ED00B51183 /* main.m in Sources */ = {isa = PBXBuildFile; fileRef = 47E7CE33175CD6ED00B51183 /* main.m */; };
		47E7CE38175CD6ED00B51183 /* AppDelegate.m in Sources */ = {isa = PBXBuildFile; fileRef = 47E7CE37175CD6ED00B51183 /* AppDelegate.m */; };
		47E7CE3A175CD6ED00B51183 /* Default.png in Resources */ = {isa = PBXBuildFile; fileRef = 47E7CE39175CD6ED00B51183 /* Default.png */; };
		47E7CE3C175CD6ED00B51183 /* Default@2x.png in Resources */ = {isa = PBXBuildFile; fileRef = 47E7CE3B175CD6ED00B51183 /* Default@2x.png */; };
		47E7CE3E175CD6ED00B51183 /* Default-568h@2x.png in Resources */ = {isa = PBXBuildFile; fileRef = 47E7CE3D175CD6ED00B51183 /* Default-568h@2x.png */; };
/* End PBXBuildFile section */

/* Begin PBXFileReference section */
		47E7CE24175CD6ED00B51183 /* TableViewSample.app */ = {isa = PBXFileReference; explicitFileType = wrapper.application; includeInIndex = 0; path = TableViewSample.app; sourceTree = BUILT_PRODUCTS_DIR; };
		47E7CE27175CD6ED00B51183 /* UIKit.framework */ = {isa = PBXFileReference; lastKnownFileType = wrapper.framework; name = UIKit.framework; path = System/Library/Frameworks/UIKit.framework; sourceTree = SDKROOT; };
		47E7CE29175CD6ED00B51183 /* Foundation.framework */ = {isa = PBXFileReference; lastKnownFileType = wrapper.framework; name = Foundation.framework; path = System/Library/Frameworks/Foundation.framework; sourceTree = SDKROOT; };
		47E7CE2B175CD6ED00B51183 /* CoreGraphics.framework */ = {isa = PBXFileReference; lastKnownFileType = wrapper.framework; name = CoreGraphics.framework; path = System/Library/Frameworks/CoreGraphics.framework; sourceTree = SDKROOT; };
		47E7CE2F175CD6ED00B51183 /* TableViewSample-Info.plist */ = {isa = PBXFileReference; lastKnownFileType = text.plist.xml; path = "TableViewSample-Info.plist"; sourceTree = "<group>"; };
		47E7CE31175CD6ED00B51183 /* en */ = {isa = PBXFileReference; lastKnownFileType = text.plist.strings; name = en; path = en.lproj/InfoPlist.strings; sourceTree = "<group>"; };
		47E7CE33175CD6ED00B51183 /* main.m */ = {isa = PBXFileReference; lastKnownFileType = sourcecode.c.objc; path = main.m; sourceTree = "<group>"; };
		47E7CE35175CD6ED00B51183 /* TableViewSample-Prefix.pch */ = {isa = PBXFileReference; lastKnownFileType = sourcecode.c.h; path = "TableViewSample-Prefix.pch"; sourceTree = "<group>"; };
		47E7CE36175CD6ED00B51183 /* AppDelegate.h */ = {isa = PBXFileReference; lastKnownFileType = sourcecode.c.h; path = AppDelegate.h; sourceTree = "<group>"; };
		47E7CE37175CD6ED00B51183 /* AppDelegate.m */ = {isa = PBXFileReference; lastKnownFileType = sourcecode.c.objc; path = AppDelegate.m; sourceTree = "<group>"; };
		47E7CE39175CD6ED00B51183 /* Default.png */ = {isa = PBXFileReference; lastKnownFileType = image.png; path = Default.png; sourceTree = "<group>"; };
		47E7CE3B175CD6ED00B51183 /* Default@2x.png */ = {isa = PBXFileReference; lastKnownFileType = image.png; path = "Default@2x.png"; sourceTree = "<group>"; };
		47E7CE3D175CD6ED00B51183 /* Default-568h@2x.png */ = {isa = PBXFileReference; lastKnownFileType = image.png; path = "Default-568h@2x.png"; sourceTree = "<group>"; };
/* End PBXFileReference section */

/* Begin PBXFrameworksBuildPhase section */
		47E7CE21175CD6ED00B51183 /* Frameworks */ = {
			isa = PBXFrameworksBuildPhase;
			buildActionMask = 2147483647;
			files = (
				47E7CE28175CD6ED00B51183 /* UIKit.framework in Frameworks */,
				47E7CE2A175CD6ED00B51183 /* Foundation.framework in Frameworks */,
				47E7CE2C175CD6ED00B51183 /* CoreGraphics.framework in Frameworks */,
			);
			runOnlyForDeploymentPostprocessing = 0;
		};
/* End PBXFrameworksBuildPhase section */

/* Begin PBXGroup section */
		47E7CE1B175CD6ED00B51183 = {
			isa = PBXGroup;
			children = (
				47E7CE2D175CD6ED00B51183 /* TableViewSample */,
				47E7CE26175CD6ED00B51183 /* Frameworks */,
				47E7CE25175CD6ED00B51183 /* Products */,
			);
			sourceTree = "<group>";
		};
		47E7CE25175CD6ED00B51183 /* Products */ = {
			isa = PBXGroup;
			children = (
				47E7CE24175CD6ED00B51183 /* TableViewSample.app */,
			);
			name = Products;
			sourceTree = "<group>";
		};
		47E7CE26175CD6ED00B51183 /* Frameworks */ = {
			isa = PBXGroup;
			children = (
				47E7CE27175CD6ED00B51183 /* UIKit.framework */,
				47E7CE29175CD6ED00B51183 /* Foundation.framework */,
				47E7CE2B175CD6ED00B51183 /* CoreGraphics.framework */,
			);
			name = Frameworks;
			sourceTree = "<group>";
		};
		47E7CE2D175CD6ED00B51183 /* TableViewSample */ = {
			isa = PBXGroup;
			children = (
				47E7CE36175CD6ED00B51183 /* AppDelegate.h */,
				47E7CE37175CD6ED00B51183 /* AppDelegate.m */,
				47E7CE2E175CD6ED00B51183 /* Supporting Files */,
			);
			path = TableViewSample;
			sourceTree = "<group>";
		};
		47E7CE2E175CD6ED00B51183 /* Supporting Files */ = {
			isa = PBXGroup;
			children = (
				47E7CE2F175CD6ED00B51183 /* TableViewSample-Info.plist */,
				47E7CE30175CD6ED00B51183 /* InfoPlist.strings */,
				47E7CE33175CD6ED00B51183 /* main.m */,
				47E7CE35175CD6ED00B51183 /* TableViewSample-Prefix.pch */,
				47E7CE39175CD6ED00B51183 /* Default.png */,
				47E7CE3B175CD6ED00B51183 /* Default@2x.png */,
				47E7CE3D175CD6ED00B51183 /* Default-568h@2x.png */,
			);
			name = "Supporting Files";
			sourceTree = "<group>";
		};
/* End PBXGroup section */

/* Begin PBXNativeTarget section */
		47E7CE23175CD6ED00B51183 /* TableViewSample */ = {
			isa = PBXNativeTarget;
			buildConfigurationList = 47E7CE41175CD6ED00B51183 /* Build configuration list for PBXNativeTarget "TableViewSample" */;
			buildPhases = (
				47E7CE20175CD6ED00B51183 /* Sources */,
				47E7CE21175CD6ED00B51183 /* Frameworks */,
				47E7CE22175CD6ED00B51183 /* Resources */,
			);
			buildRules = (
			);
			dependencies = (
			);
			name = TableViewSample;
			productName = TableViewSample;
			productReference = 47E7CE24175CD6ED00B51183 /* TableViewSample.app */;
			productType = "com.apple.product-type.application";
		};
/* End PBXNativeTarget section */

/* Begin PBXProject section */
		47E7CE1C175CD6ED00B51183 /* Project object */ = {
			isa = PBXProject;
			attributes = {
				LastUpgradeCheck = 0460;
				ORGANIZATIONNAME = "Yohei Yamaguchi";
			};
			buildConfigurationList = 47E7CE1F175CD6ED00B51183 /* Build configuration list for PBXProject "TableViewSample" */;
			compatibilityVersion = "Xcode 3.2";
			developmentRegion = English;
			hasScannedForEncodings = 0;
			knownRegions = (
				en,
			);
			mainGroup = 47E7CE1B175CD6ED00B51183;
			productRefGroup = 47E7CE25175CD6ED00B51183 /* Products */;
			projectDirPath = "";
			projectRoot = "";
			targets = (
				47E7CE23175CD6ED00B51183 /* TableViewSample */,
			);
		};
/* End PBXProject section */

/* Begin PBXResourcesBuildPhase section */
		47E7CE22175CD6ED00B51183 /* Resources */ = {
			isa = PBXResourcesBuildPhase;
			buildActionMask = 2147483647;
			files = (
				47E7CE32175CD6ED00B51183 /* InfoPlist.strings in Resources */,
				47E7CE3A175CD6ED00B51183 /* Default.png in Resources */,
				47E7CE3C175CD6ED00B51183 /* Default@2x.png in Resources */,
				47E7CE3E175CD6ED00B51183 /* Default-568h@2x.png in Resources */,
			);
			runOnlyForDeploymentPostprocessing = 0;
		};
/* End PBXResourcesBuildPhase section */

/* Begin PBXSourcesBuildPhase section */
		47E7CE20175CD6ED00B51183 /* Sources */ = {
			isa = PBXSourcesBuildPhase;
			buildActionMask = 2147483647;
			files = (
				47E7CE34175CD6ED00B51183 /* main.m in Sources */,
				47E7CE38175CD6ED00B51183 /* AppDelegate.m in Sources */,
			);
			runOnlyForDeploymentPostprocessing = 0;
		};
/* End PBXSourcesBuildPhase section */

/* Begin PBXVariantGroup section */
		47E7CE30175CD6ED00B51183 /* InfoPlist.strings */ = {
			isa = PBXVariantGroup;
			children = (
				47E7CE31175CD6ED00B51183 /* en */,
			);
			name = InfoPlist.strings;
			sourceTree = "<group>";
		};
/* End PBXVariantGroup section */

/* Begin XCBuildConfiguration section */
		47E7CE3F175CD6ED00B51183 /* Debug */ = {
			isa = XCBuildConfiguration;
			buildSettings = {
				ALWAYS_SEARCH_USER_PATHS = NO;
				CLANG_CXX_LANGUAGE_STANDARD = "gnu++0x";
				CLANG_CXX_LIBRARY = "libc++";
				CLANG_ENABLE_OBJC_ARC = YES;
				CLANG_WARN_CONSTANT_CONVERSION = YES;
				CLANG_WARN_EMPTY_BODY = YES;
				CLANG_WARN_ENUM_CONVERSION = YES;
				CLANG_WARN_INT_CONVERSION = YES;
				CLANG_WARN__DUPLICATE_METHOD_MATCH = YES;
				"CODE_SIGN_IDENTITY[sdk=iphoneos*]" = "iPhone Developer";
				COPY_PHASE_STRIP = NO;
				GCC_C_LANGUAGE_STANDARD = gnu99;
				GCC_DYNAMIC_NO_PIC = NO;
				GCC_OPTIMIZATION_LEVEL = 0;
				GCC_PREPROCESSOR_DEFINITIONS = (
					"DEBUG=1",
					"$(inherited)",
				);
				GCC_SYMBOLS_PRIVATE_EXTERN = NO;
				GCC_WARN_ABOUT_RETURN_TYPE = YES;
				GCC_WARN_UNINITIALIZED_AUTOS = YES;
				GCC_WARN_UNUSED_VARIABLE = YES;
				IPHONEOS_DEPLOYMENT_TARGET = 6.1;
				ONLY_ACTIVE_ARCH = YES;
				SDKROOT = iphoneos;
			};
			name = Debug;
		};
		47E7CE40175CD6ED00B51183 /* Release */ = {
			isa = XCBuildConfiguration;
			buildSettings = {
				ALWAYS_SEARCH_USER_PATHS = NO;
				CLANG_CXX_LANGUAGE_STANDARD = "gnu++0x";
				CLANG_CXX_LIBRARY = "libc++";
				CLANG_ENABLE_OBJC_ARC = YES;
				CLANG_WARN_CONSTANT_CONVERSION = YES;
				CLANG_WARN_EMPTY_BODY = YES;
				CLANG_WARN_ENUM_CONVERSION = YES;
				CLANG_WARN_INT_CONVERSION = YES;
				CLANG_WARN__DUPLICATE_METHOD_MATCH = YES;
				"CODE_SIGN_IDENTITY[sdk=iphoneos*]" = "iPhone Developer";
				COPY_PHASE_STRIP = YES;
				GCC_C_LANGUAGE_STANDARD = gnu99;
				GCC_WARN_ABOUT_RETURN_TYPE = YES;
				GCC_WARN_UNINITIALIZED_AUTOS = YES;
				GCC_WARN_UNUSED_VARIABLE = YES;
				IPHONEOS_DEPLOYMENT_TARGET = 6.1;
				OTHER_CFLAGS = "-DNS_BLOCK_ASSERTIONS=1";
				SDKROOT = iphoneos;
				VALIDATE_PRODUCT = YES;
			};
			name = Release;
		};
		47E7CE42175CD6ED00B51183 /* Debug */ = {
			isa = XCBuildConfiguration;
			buildSettings = {
				GCC_PRECOMPILE_PREFIX_HEADER = YES;
				GCC_PREFIX_HEADER = "TableViewSample/TableViewSample-Prefix.pch";
				INFOPLIST_FILE = "TableViewSample/TableViewSample-Info.plist";
				PRODUCT_NAME = "$(TARGET_NAME)";
				WRAPPER_EXTENSION = app;
			};
			name = Debug;
		};
		47E7CE43175CD6ED00B51183 /* Release */ = {
			isa = XCBuildConfiguration;
			buildSettings = {
				GCC_PRECOMPILE_PREFIX_HEADER = YES;
				GCC_PREFIX_HEADER = "TableViewSample/TableViewSample-Prefix.pch";
				INFOPLIST_FILE = "TableViewSample/TableViewSample-Info.plist";
				PRODUCT_NAME = "$(TARGET_NAME)";
				WRAPPER_EXTENSION = app;
			};
			name = Release;
		};
/* End XCBuildConfiguration section */

/* Begin XCConfigurationList section */
		47E7CE1F175CD6ED00B51183 /* Build configuration list for PBXProject "TableViewSample" */ = {
			isa = XCConfigurationList;
			buildConfigurations = (
				47E7CE3F175CD6ED00B51183 /* Debug */,
				47E7CE40175CD6ED00B51183 /* Release */,
			);
			defaultConfigurationIsVisible = 0;
			defaultConfigurationName = Release;
		};
		47E7CE41175CD6ED00B51183 /* Build configuration list for PBXNativeTarget "TableViewSample" */ = {
			isa = XCConfigurationList;
			buildConfigurations = (
				47E7CE42175CD6ED00B51183 /* Debug */,
				47E7CE43175CD6ED00B51183 /* Release */,
			);
			defaultConfigurationIsVisible = 0;
		};
/* End XCConfigurationList section */
	};
	rootObject = 47E7CE1C175CD6ED00B51183 /* Project object */;
}
