// !$*UTF8*$!
{
	archiveVersion = 1;
	classes = {
	};
	objectVersion = 46;
	objects = {

/* Begin PBXBuildFile section */
		4707BA82171A9ECD0028C43D /* UIKit.framework in Frameworks */ = {isa = PBXBuildFile; fileRef = 4707BA81171A9ECD0028C43D /* UIKit.framework */; };
		4707BA84171A9ECD0028C43D /* Foundation.framework in Frameworks */ = {isa = PBXBuildFile; fileRef = 4707BA83171A9ECD0028C43D /* Foundation.framework */; };
		4707BA86171A9ECD0028C43D /* CoreGraphics.framework in Frameworks */ = {isa = PBXBuildFile; fileRef = 4707BA85171A9ECD0028C43D /* CoreGraphics.framework */; };
		4707BA8C171A9ECD0028C43D /* InfoPlist.strings in Resources */ = {isa = PBXBuildFile; fileRef = 4707BA8A171A9ECD0028C43D /* InfoPlist.strings */; };
		4707BA8E171A9ECD0028C43D /* main.m in Sources */ = {isa = PBXBuildFile; fileRef = 4707BA8D171A9ECD0028C43D /* main.m */; };
		4707BA92171A9ECD0028C43D /* StudyAppDelegate.m in Sources */ = {isa = PBXBuildFile; fileRef = 4707BA91171A9ECD0028C43D /* StudyAppDelegate.m */; };
		4707BA94171A9ECD0028C43D /* Default.png in Resources */ = {isa = PBXBuildFile; fileRef = 4707BA93171A9ECD0028C43D /* Default.png */; };
		4707BA96171A9ECD0028C43D /* Default@2x.png in Resources */ = {isa = PBXBuildFile; fileRef = 4707BA95171A9ECD0028C43D /* Default@2x.png */; };
		4707BA98171A9ECD0028C43D /* Default-568h@2x.png in Resources */ = {isa = PBXBuildFile; fileRef = 4707BA97171A9ECD0028C43D /* Default-568h@2x.png */; };
		4707BAA0171AA10B0028C43D /* CanvasView.m in Sources */ = {isa = PBXBuildFile; fileRef = 4707BA9F171AA10B0028C43D /* CanvasView.m */; };
/* End PBXBuildFile section */

/* Begin PBXFileReference section */
		4707BA7E171A9ECD0028C43D /* Canvas.app */ = {isa = PBXFileReference; explicitFileType = wrapper.application; includeInIndex = 0; path = Canvas.app; sourceTree = BUILT_PRODUCTS_DIR; };
		4707BA81171A9ECD0028C43D /* UIKit.framework */ = {isa = PBXFileReference; lastKnownFileType = wrapper.framework; name = UIKit.framework; path = System/Library/Frameworks/UIKit.framework; sourceTree = SDKROOT; };
		4707BA83171A9ECD0028C43D /* Foundation.framework */ = {isa = PBXFileReference; lastKnownFileType = wrapper.framework; name = Foundation.framework; path = System/Library/Frameworks/Foundation.framework; sourceTree = SDKROOT; };
		4707BA85171A9ECD0028C43D /* CoreGraphics.framework */ = {isa = PBXFileReference; lastKnownFileType = wrapper.framework; name = CoreGraphics.framework; path = System/Library/Frameworks/CoreGraphics.framework; sourceTree = SDKROOT; };
		4707BA89171A9ECD0028C43D /* Canvas-Info.plist */ = {isa = PBXFileReference; lastKnownFileType = text.plist.xml; path = "Canvas-Info.plist"; sourceTree = "<group>"; };
		4707BA8B171A9ECD0028C43D /* en */ = {isa = PBXFileReference; lastKnownFileType = text.plist.strings; name = en; path = en.lproj/InfoPlist.strings; sourceTree = "<group>"; };
		4707BA8D171A9ECD0028C43D /* main.m */ = {isa = PBXFileReference; lastKnownFileType = sourcecode.c.objc; path = main.m; sourceTree = "<group>"; };
		4707BA8F171A9ECD0028C43D /* Canvas-Prefix.pch */ = {isa = PBXFileReference; lastKnownFileType = sourcecode.c.h; path = "Canvas-Prefix.pch"; sourceTree = "<group>"; };
		4707BA90171A9ECD0028C43D /* StudyAppDelegate.h */ = {isa = PBXFileReference; lastKnownFileType = sourcecode.c.h; path = StudyAppDelegate.h; sourceTree = "<group>"; };
		4707BA91171A9ECD0028C43D /* StudyAppDelegate.m */ = {isa = PBXFileReference; lastKnownFileType = sourcecode.c.objc; path = StudyAppDelegate.m; sourceTree = "<group>"; };
		4707BA93171A9ECD0028C43D /* Default.png */ = {isa = PBXFileReference; lastKnownFileType = image.png; path = Default.png; sourceTree = "<group>"; };
		4707BA95171A9ECD0028C43D /* Default@2x.png */ = {isa = PBXFileReference; lastKnownFileType = image.png; path = "Default@2x.png"; sourceTree = "<group>"; };
		4707BA97171A9ECD0028C43D /* Default-568h@2x.png */ = {isa = PBXFileReference; lastKnownFileType = image.png; path = "Default-568h@2x.png"; sourceTree = "<group>"; };
		4707BA9E171AA10B0028C43D /* CanvasView.h */ = {isa = PBXFileReference; fileEncoding = 4; lastKnownFileType = sourcecode.c.h; path = CanvasView.h; sourceTree = "<group>"; };
		4707BA9F171AA10B0028C43D /* CanvasView.m */ = {isa = PBXFileReference; fileEncoding = 4; lastKnownFileType = sourcecode.c.objc; path = CanvasView.m; sourceTree = "<group>"; };
/* End PBXFileReference section */

/* Begin PBXFrameworksBuildPhase section */
		4707BA7B171A9ECD0028C43D /* Frameworks */ = {
			isa = PBXFrameworksBuildPhase;
			buildActionMask = 2147483647;
			files = (
				4707BA82171A9ECD0028C43D /* UIKit.framework in Frameworks */,
				4707BA84171A9ECD0028C43D /* Foundation.framework in Frameworks */,
				4707BA86171A9ECD0028C43D /* CoreGraphics.framework in Frameworks */,
			);
			runOnlyForDeploymentPostprocessing = 0;
		};
/* End PBXFrameworksBuildPhase section */

/* Begin PBXGroup section */
		4707BA75171A9ECC0028C43D = {
			isa = PBXGroup;
			children = (
				4707BA87171A9ECD0028C43D /* Canvas */,
				4707BA80171A9ECD0028C43D /* Frameworks */,
				4707BA7F171A9ECD0028C43D /* Products */,
			);
			sourceTree = "<group>";
		};
		4707BA7F171A9ECD0028C43D /* Products */ = {
			isa = PBXGroup;
			children = (
				4707BA7E171A9ECD0028C43D /* Canvas.app */,
			);
			name = Products;
			sourceTree = "<group>";
		};
		4707BA80171A9ECD0028C43D /* Frameworks */ = {
			isa = PBXGroup;
			children = (
				4707BA81171A9ECD0028C43D /* UIKit.framework */,
				4707BA83171A9ECD0028C43D /* Foundation.framework */,
				4707BA85171A9ECD0028C43D /* CoreGraphics.framework */,
			);
			name = Frameworks;
			sourceTree = "<group>";
		};
		4707BA87171A9ECD0028C43D /* Canvas */ = {
			isa = PBXGroup;
			children = (
				4707BA9E171AA10B0028C43D /* CanvasView.h */,
				4707BA9F171AA10B0028C43D /* CanvasView.m */,
				4707BA90171A9ECD0028C43D /* StudyAppDelegate.h */,
				4707BA91171A9ECD0028C43D /* StudyAppDelegate.m */,
				4707BA88171A9ECD0028C43D /* Supporting Files */,
			);
			path = Canvas;
			sourceTree = "<group>";
		};
		4707BA88171A9ECD0028C43D /* Supporting Files */ = {
			isa = PBXGroup;
			children = (
				4707BA89171A9ECD0028C43D /* Canvas-Info.plist */,
				4707BA8A171A9ECD0028C43D /* InfoPlist.strings */,
				4707BA8D171A9ECD0028C43D /* main.m */,
				4707BA8F171A9ECD0028C43D /* Canvas-Prefix.pch */,
				4707BA93171A9ECD0028C43D /* Default.png */,
				4707BA95171A9ECD0028C43D /* Default@2x.png */,
				4707BA97171A9ECD0028C43D /* Default-568h@2x.png */,
			);
			name = "Supporting Files";
			sourceTree = "<group>";
		};
/* End PBXGroup section */

/* Begin PBXNativeTarget section */
		4707BA7D171A9ECD0028C43D /* Canvas */ = {
			isa = PBXNativeTarget;
			buildConfigurationList = 4707BA9B171A9ECD0028C43D /* Build configuration list for PBXNativeTarget "Canvas" */;
			buildPhases = (
				4707BA7A171A9ECD0028C43D /* Sources */,
				4707BA7B171A9ECD0028C43D /* Frameworks */,
				4707BA7C171A9ECD0028C43D /* Resources */,
			);
			buildRules = (
			);
			dependencies = (
			);
			name = Canvas;
			productName = Canvas;
			productReference = 4707BA7E171A9ECD0028C43D /* Canvas.app */;
			productType = "com.apple.product-type.application";
		};
/* End PBXNativeTarget section */

/* Begin PBXProject section */
		4707BA76171A9ECC0028C43D /* Project object */ = {
			isa = PBXProject;
			attributes = {
				CLASSPREFIX = Study;
				LastUpgradeCheck = 0460;
				ORGANIZATIONNAME = "Yohei Yamaguchi";
			};
			buildConfigurationList = 4707BA79171A9ECC0028C43D /* Build configuration list for PBXProject "Canvas" */;
			compatibilityVersion = "Xcode 3.2";
			developmentRegion = English;
			hasScannedForEncodings = 0;
			knownRegions = (
				en,
			);
			mainGroup = 4707BA75171A9ECC0028C43D;
			productRefGroup = 4707BA7F171A9ECD0028C43D /* Products */;
			projectDirPath = "";
			projectRoot = "";
			targets = (
				4707BA7D171A9ECD0028C43D /* Canvas */,
			);
		};
/* End PBXProject section */

/* Begin PBXResourcesBuildPhase section */
		4707BA7C171A9ECD0028C43D /* Resources */ = {
			isa = PBXResourcesBuildPhase;
			buildActionMask = 2147483647;
			files = (
				4707BA8C171A9ECD0028C43D /* InfoPlist.strings in Resources */,
				4707BA94171A9ECD0028C43D /* Default.png in Resources */,
				4707BA96171A9ECD0028C43D /* Default@2x.png in Resources */,
				4707BA98171A9ECD0028C43D /* Default-568h@2x.png in Resources */,
			);
			runOnlyForDeploymentPostprocessing = 0;
		};
/* End PBXResourcesBuildPhase section */

/* Begin PBXSourcesBuildPhase section */
		4707BA7A171A9ECD0028C43D /* Sources */ = {
			isa = PBXSourcesBuildPhase;
			buildActionMask = 2147483647;
			files = (
				4707BA8E171A9ECD0028C43D /* main.m in Sources */,
				4707BA92171A9ECD0028C43D /* StudyAppDelegate.m in Sources */,
				4707BAA0171AA10B0028C43D /* CanvasView.m in Sources */,
			);
			runOnlyForDeploymentPostprocessing = 0;
		};
/* End PBXSourcesBuildPhase section */

/* Begin PBXVariantGroup section */
		4707BA8A171A9ECD0028C43D /* InfoPlist.strings */ = {
			isa = PBXVariantGroup;
			children = (
				4707BA8B171A9ECD0028C43D /* en */,
			);
			name = InfoPlist.strings;
			sourceTree = "<group>";
		};
/* End PBXVariantGroup section */

/* Begin XCBuildConfiguration section */
		4707BA99171A9ECD0028C43D /* Debug */ = {
			isa = XCBuildConfiguration;
			buildSettings = {
				ALWAYS_SEARCH_USER_PATHS = NO;
				CLANG_CXX_LANGUAGE_STANDARD = "gnu++0x";
				CLANG_CXX_LIBRARY = "libc++";
				CLANG_ENABLE_OBJC_ARC = YES;
				CLANG_WARN_CONSTANT_CONVERSION = YES;
				CLANG_WARN_EMPTY_BODY = YES;
				CLANG_WARN_ENUM_CONVERSION = YES;
				CLANG_WARN_INT_CONVERSION = YES;
				CLANG_WARN__DUPLICATE_METHOD_MATCH = YES;
				"CODE_SIGN_IDENTITY[sdk=iphoneos*]" = "iPhone Developer";
				COPY_PHASE_STRIP = NO;
				GCC_C_LANGUAGE_STANDARD = gnu99;
				GCC_DYNAMIC_NO_PIC = NO;
				GCC_OPTIMIZATION_LEVEL = 0;
				GCC_PREPROCESSOR_DEFINITIONS = (
					"DEBUG=1",
					"$(inherited)",
				);
				GCC_SYMBOLS_PRIVATE_EXTERN = NO;
				GCC_WARN_ABOUT_RETURN_TYPE = YES;
				GCC_WARN_UNINITIALIZED_AUTOS = YES;
				GCC_WARN_UNUSED_VARIABLE = YES;
				IPHONEOS_DEPLOYMENT_TARGET = 6.1;
				ONLY_ACTIVE_ARCH = YES;
				SDKROOT = iphoneos;
			};
			name = Debug;
		};
		4707BA9A171A9ECD0028C43D /* Release */ = {
			isa = XCBuildConfiguration;
			buildSettings = {
				ALWAYS_SEARCH_USER_PATHS = NO;
				CLANG_CXX_LANGUAGE_STANDARD = "gnu++0x";
				CLANG_CXX_LIBRARY = "libc++";
				CLANG_ENABLE_OBJC_ARC = YES;
				CLANG_WARN_CONSTANT_CONVERSION = YES;
				CLANG_WARN_EMPTY_BODY = YES;
				CLANG_WARN_ENUM_CONVERSION = YES;
				CLANG_WARN_INT_CONVERSION = YES;
				CLANG_WARN__DUPLICATE_METHOD_MATCH = YES;
				"CODE_SIGN_IDENTITY[sdk=iphoneos*]" = "iPhone Developer";
				COPY_PHASE_STRIP = YES;
				GCC_C_LANGUAGE_STANDARD = gnu99;
				GCC_WARN_ABOUT_RETURN_TYPE = YES;
				GCC_WARN_UNINITIALIZED_AUTOS = YES;
				GCC_WARN_UNUSED_VARIABLE = YES;
				IPHONEOS_DEPLOYMENT_TARGET = 6.1;
				OTHER_CFLAGS = "-DNS_BLOCK_ASSERTIONS=1";
				SDKROOT = iphoneos;
				VALIDATE_PRODUCT = YES;
			};
			name = Release;
		};
		4707BA9C171A9ECD0028C43D /* Debug */ = {
			isa = XCBuildConfiguration;
			buildSettings = {
				GCC_PRECOMPILE_PREFIX_HEADER = YES;
				GCC_PREFIX_HEADER = "Canvas/Canvas-Prefix.pch";
				INFOPLIST_FILE = "Canvas/Canvas-Info.plist";
				PRODUCT_NAME = "$(TARGET_NAME)";
				WRAPPER_EXTENSION = app;
			};
			name = Debug;
		};
		4707BA9D171A9ECD0028C43D /* Release */ = {
			isa = XCBuildConfiguration;
			buildSettings = {
				GCC_PRECOMPILE_PREFIX_HEADER = YES;
				GCC_PREFIX_HEADER = "Canvas/Canvas-Prefix.pch";
				INFOPLIST_FILE = "Canvas/Canvas-Info.plist";
				PRODUCT_NAME = "$(TARGET_NAME)";
				WRAPPER_EXTENSION = app;
			};
			name = Release;
		};
/* End XCBuildConfiguration section */

/* Begin XCConfigurationList section */
		4707BA79171A9ECC0028C43D /* Build configuration list for PBXProject "Canvas" */ = {
			isa = XCConfigurationList;
			buildConfigurations = (
				4707BA99171A9ECD0028C43D /* Debug */,
				4707BA9A171A9ECD0028C43D /* Release */,
			);
			defaultConfigurationIsVisible = 0;
			defaultConfigurationName = Release;
		};
		4707BA9B171A9ECD0028C43D /* Build configuration list for PBXNativeTarget "Canvas" */ = {
			isa = XCConfigurationList;
			buildConfigurations = (
				4707BA9C171A9ECD0028C43D /* Debug */,
				4707BA9D171A9ECD0028C43D /* Release */,
			);
			defaultConfigurationIsVisible = 0;
		};
/* End XCConfigurationList section */
	};
	rootObject = 4707BA76171A9ECC0028C43D /* Project object */;
}
