// !$*UTF8*$!
{
	archiveVersion = 1;
	classes = {
	};
	objectVersion = 46;
	objects = {

/* Begin PBXBuildFile section */
		381351A7144B33D10024B795 /* UIKit.framework in Frameworks */ = {isa = PBXBuildFile; fileRef = 381351A6144B33D10024B795 /* UIKit.framework */; };
		381351A9144B33D10024B795 /* Foundation.framework in Frameworks */ = {isa = PBXBuildFile; fileRef = 381351A8144B33D10024B795 /* Foundation.framework */; };
		381351AB144B33D10024B795 /* CoreGraphics.framework in Frameworks */ = {isa = PBXBuildFile; fileRef = 381351AA144B33D10024B795 /* CoreGraphics.framework */; };
		381351B1144B33D10024B795 /* InfoPlist.strings in Resources */ = {isa = PBXBuildFile; fileRef = 381351AF144B33D10024B795 /* InfoPlist.strings */; };
		381351B3144B33D10024B795 /* main.m in Sources */ = {isa = PBXBuildFile; fileRef = 381351B2144B33D10024B795 /* main.m */; };
		381351B7144B33D10024B795 /* StudyAppDelegate.m in Sources */ = {isa = PBXBuildFile; fileRef = 381351B6144B33D10024B795 /* StudyAppDelegate.m */; };
		381351BE144B33FE0024B795 /* QuartzCore.framework in Frameworks */ = {isa = PBXBuildFile; fileRef = 381351BD144B33FE0024B795 /* QuartzCore.framework */; };
		381351C1144B34100024B795 /* Pallet.m in Sources */ = {isa = PBXBuildFile; fileRef = 381351C0144B34100024B795 /* Pallet.m */; };
		381351C4144B34230024B795 /* TargetActionHandler.m in Sources */ = {isa = PBXBuildFile; fileRef = 381351C3144B34230024B795 /* TargetActionHandler.m */; };
/* End PBXBuildFile section */

/* Begin PBXFileReference section */
		381351A2144B33D10024B795 /* Pallet.app */ = {isa = PBXFileReference; explicitFileType = wrapper.application; includeInIndex = 0; path = Pallet.app; sourceTree = BUILT_PRODUCTS_DIR; };
		381351A6144B33D10024B795 /* UIKit.framework */ = {isa = PBXFileReference; lastKnownFileType = wrapper.framework; name = UIKit.framework; path = System/Library/Frameworks/UIKit.framework; sourceTree = SDKROOT; };
		381351A8144B33D10024B795 /* Foundation.framework */ = {isa = PBXFileReference; lastKnownFileType = wrapper.framework; name = Foundation.framework; path = System/Library/Frameworks/Foundation.framework; sourceTree = SDKROOT; };
		381351AA144B33D10024B795 /* CoreGraphics.framework */ = {isa = PBXFileReference; lastKnownFileType = wrapper.framework; name = CoreGraphics.framework; path = System/Library/Frameworks/CoreGraphics.framework; sourceTree = SDKROOT; };
		381351AE144B33D10024B795 /* Pallet-Info.plist */ = {isa = PBXFileReference; lastKnownFileType = text.plist.xml; path = "Pallet-Info.plist"; sourceTree = "<group>"; };
		381351B0144B33D10024B795 /* en */ = {isa = PBXFileReference; lastKnownFileType = text.plist.strings; name = en; path = en.lproj/InfoPlist.strings; sourceTree = "<group>"; };
		381351B2144B33D10024B795 /* main.m */ = {isa = PBXFileReference; lastKnownFileType = sourcecode.c.objc; path = main.m; sourceTree = "<group>"; };
		381351B4144B33D10024B795 /* Pallet-Prefix.pch */ = {isa = PBXFileReference; lastKnownFileType = sourcecode.c.h; path = "Pallet-Prefix.pch"; sourceTree = "<group>"; };
		381351B5144B33D10024B795 /* StudyAppDelegate.h */ = {isa = PBXFileReference; lastKnownFileType = sourcecode.c.h; path = StudyAppDelegate.h; sourceTree = "<group>"; };
		381351B6144B33D10024B795 /* StudyAppDelegate.m */ = {isa = PBXFileReference; lastKnownFileType = sourcecode.c.objc; path = StudyAppDelegate.m; sourceTree = "<group>"; };
		381351BD144B33FE0024B795 /* QuartzCore.framework */ = {isa = PBXFileReference; lastKnownFileType = wrapper.framework; name = QuartzCore.framework; path = System/Library/Frameworks/QuartzCore.framework; sourceTree = SDKROOT; };
		381351BF144B34100024B795 /* Pallet.h */ = {isa = PBXFileReference; fileEncoding = 4; lastKnownFileType = sourcecode.c.h; path = Pallet.h; sourceTree = "<group>"; };
		381351C0144B34100024B795 /* Pallet.m */ = {isa = PBXFileReference; fileEncoding = 4; lastKnownFileType = sourcecode.c.objc; path = Pallet.m; sourceTree = "<group>"; };
		381351C2144B34230024B795 /* TargetActionHandler.h */ = {isa = PBXFileReference; fileEncoding = 4; lastKnownFileType = sourcecode.c.h; path = TargetActionHandler.h; sourceTree = "<group>"; };
		381351C3144B34230024B795 /* TargetActionHandler.m */ = {isa = PBXFileReference; fileEncoding = 4; lastKnownFileType = sourcecode.c.objc; path = TargetActionHandler.m; sourceTree = "<group>"; };
/* End PBXFileReference section */

/* Begin PBXFrameworksBuildPhase section */
		3813519F144B33D10024B795 /* Frameworks */ = {
			isa = PBXFrameworksBuildPhase;
			buildActionMask = 2147483647;
			files = (
				381351BE144B33FE0024B795 /* QuartzCore.framework in Frameworks */,
				381351A7144B33D10024B795 /* UIKit.framework in Frameworks */,
				381351A9144B33D10024B795 /* Foundation.framework in Frameworks */,
				381351AB144B33D10024B795 /* CoreGraphics.framework in Frameworks */,
			);
			runOnlyForDeploymentPostprocessing = 0;
		};
/* End PBXFrameworksBuildPhase section */

/* Begin PBXGroup section */
		38135197144B33D10024B795 = {
			isa = PBXGroup;
			children = (
				381351BD144B33FE0024B795 /* QuartzCore.framework */,
				381351AC144B33D10024B795 /* Pallet */,
				381351A5144B33D10024B795 /* Frameworks */,
				381351A3144B33D10024B795 /* Products */,
			);
			sourceTree = "<group>";
		};
		381351A3144B33D10024B795 /* Products */ = {
			isa = PBXGroup;
			children = (
				381351A2144B33D10024B795 /* Pallet.app */,
			);
			name = Products;
			sourceTree = "<group>";
		};
		381351A5144B33D10024B795 /* Frameworks */ = {
			isa = PBXGroup;
			children = (
				381351A6144B33D10024B795 /* UIKit.framework */,
				381351A8144B33D10024B795 /* Foundation.framework */,
				381351AA144B33D10024B795 /* CoreGraphics.framework */,
			);
			name = Frameworks;
			sourceTree = "<group>";
		};
		381351AC144B33D10024B795 /* Pallet */ = {
			isa = PBXGroup;
			children = (
				381351C2144B34230024B795 /* TargetActionHandler.h */,
				381351C3144B34230024B795 /* TargetActionHandler.m */,
				381351BF144B34100024B795 /* Pallet.h */,
				381351C0144B34100024B795 /* Pallet.m */,
				381351B5144B33D10024B795 /* StudyAppDelegate.h */,
				381351B6144B33D10024B795 /* StudyAppDelegate.m */,
				381351AD144B33D10024B795 /* Supporting Files */,
			);
			path = Pallet;
			sourceTree = "<group>";
		};
		381351AD144B33D10024B795 /* Supporting Files */ = {
			isa = PBXGroup;
			children = (
				381351AE144B33D10024B795 /* Pallet-Info.plist */,
				381351AF144B33D10024B795 /* InfoPlist.strings */,
				381351B2144B33D10024B795 /* main.m */,
				381351B4144B33D10024B795 /* Pallet-Prefix.pch */,
			);
			name = "Supporting Files";
			sourceTree = "<group>";
		};
/* End PBXGroup section */

/* Begin PBXNativeTarget section */
		381351A1144B33D10024B795 /* Pallet */ = {
			isa = PBXNativeTarget;
			buildConfigurationList = 381351BA144B33D10024B795 /* Build configuration list for PBXNativeTarget "Pallet" */;
			buildPhases = (
				3813519E144B33D10024B795 /* Sources */,
				3813519F144B33D10024B795 /* Frameworks */,
				381351A0144B33D10024B795 /* Resources */,
			);
			buildRules = (
			);
			dependencies = (
			);
			name = Pallet;
			productName = Pallet;
			productReference = 381351A2144B33D10024B795 /* Pallet.app */;
			productType = "com.apple.product-type.application";
		};
/* End PBXNativeTarget section */

/* Begin PBXProject section */
		38135199144B33D10024B795 /* Project object */ = {
			isa = PBXProject;
			attributes = {
				LastUpgradeCheck = 0430;
			};
			buildConfigurationList = 3813519C144B33D10024B795 /* Build configuration list for PBXProject "Pallet" */;
			compatibilityVersion = "Xcode 3.2";
			developmentRegion = English;
			hasScannedForEncodings = 0;
			knownRegions = (
				en,
			);
			mainGroup = 38135197144B33D10024B795;
			productRefGroup = 381351A3144B33D10024B795 /* Products */;
			projectDirPath = "";
			projectRoot = "";
			targets = (
				381351A1144B33D10024B795 /* Pallet */,
			);
		};
/* End PBXProject section */

/* Begin PBXResourcesBuildPhase section */
		381351A0144B33D10024B795 /* Resources */ = {
			isa = PBXResourcesBuildPhase;
			buildActionMask = 2147483647;
			files = (
				381351B1144B33D10024B795 /* InfoPlist.strings in Resources */,
			);
			runOnlyForDeploymentPostprocessing = 0;
		};
/* End PBXResourcesBuildPhase section */

/* Begin PBXSourcesBuildPhase section */
		3813519E144B33D10024B795 /* Sources */ = {
			isa = PBXSourcesBuildPhase;
			buildActionMask = 2147483647;
			files = (
				381351B3144B33D10024B795 /* main.m in Sources */,
				381351B7144B33D10024B795 /* StudyAppDelegate.m in Sources */,
				381351C1144B34100024B795 /* Pallet.m in Sources */,
				381351C4144B34230024B795 /* TargetActionHandler.m in Sources */,
			);
			runOnlyForDeploymentPostprocessing = 0;
		};
/* End PBXSourcesBuildPhase section */

/* Begin PBXVariantGroup section */
		381351AF144B33D10024B795 /* InfoPlist.strings */ = {
			isa = PBXVariantGroup;
			children = (
				381351B0144B33D10024B795 /* en */,
			);
			name = InfoPlist.strings;
			sourceTree = "<group>";
		};
/* End PBXVariantGroup section */

/* Begin XCBuildConfiguration section */
		381351B8144B33D10024B795 /* Debug */ = {
			isa = XCBuildConfiguration;
			buildSettings = {
				ALWAYS_SEARCH_USER_PATHS = NO;
				ARCHS = "$(ARCHS_STANDARD_32_BIT)";
				"CODE_SIGN_IDENTITY[sdk=iphoneos*]" = "iPhone Developer";
				COPY_PHASE_STRIP = NO;
				GCC_C_LANGUAGE_STANDARD = gnu99;
				GCC_DYNAMIC_NO_PIC = NO;
				GCC_OPTIMIZATION_LEVEL = 0;
				GCC_PREPROCESSOR_DEFINITIONS = (
					"DEBUG=1",
					"$(inherited)",
				);
				GCC_SYMBOLS_PRIVATE_EXTERN = NO;
				GCC_VERSION = com.apple.compilers.llvm.clang.1_0;
				GCC_WARN_ABOUT_MISSING_PROTOTYPES = YES;
				GCC_WARN_ABOUT_RETURN_TYPE = YES;
				GCC_WARN_UNUSED_VARIABLE = YES;
				IPHONEOS_DEPLOYMENT_TARGET = 5.0;
				SDKROOT = iphoneos;
			};
			name = Debug;
		};
		381351B9144B33D10024B795 /* Release */ = {
			isa = XCBuildConfiguration;
			buildSettings = {
				ALWAYS_SEARCH_USER_PATHS = NO;
				ARCHS = "$(ARCHS_STANDARD_32_BIT)";
				"CODE_SIGN_IDENTITY[sdk=iphoneos*]" = "iPhone Developer";
				COPY_PHASE_STRIP = YES;
				GCC_C_LANGUAGE_STANDARD = gnu99;
				GCC_VERSION = com.apple.compilers.llvm.clang.1_0;
				GCC_WARN_ABOUT_MISSING_PROTOTYPES = YES;
				GCC_WARN_ABOUT_RETURN_TYPE = YES;
				GCC_WARN_UNUSED_VARIABLE = YES;
				IPHONEOS_DEPLOYMENT_TARGET = 5.0;
				OTHER_CFLAGS = "-DNS_BLOCK_ASSERTIONS=1";
				SDKROOT = iphoneos;
				VALIDATE_PRODUCT = YES;
			};
			name = Release;
		};
		381351BB144B33D10024B795 /* Debug */ = {
			isa = XCBuildConfiguration;
			buildSettings = {
				GCC_PRECOMPILE_PREFIX_HEADER = YES;
				GCC_PREFIX_HEADER = "Pallet/Pallet-Prefix.pch";
				INFOPLIST_FILE = "Pallet/Pallet-Info.plist";
				PRODUCT_NAME = "$(TARGET_NAME)";
				WRAPPER_EXTENSION = app;
			};
			name = Debug;
		};
		381351BC144B33D10024B795 /* Release */ = {
			isa = XCBuildConfiguration;
			buildSettings = {
				GCC_PRECOMPILE_PREFIX_HEADER = YES;
				GCC_PREFIX_HEADER = "Pallet/Pallet-Prefix.pch";
				INFOPLIST_FILE = "Pallet/Pallet-Info.plist";
				PRODUCT_NAME = "$(TARGET_NAME)";
				WRAPPER_EXTENSION = app;
			};
			name = Release;
		};
/* End XCBuildConfiguration section */

/* Begin XCConfigurationList section */
		3813519C144B33D10024B795 /* Build configuration list for PBXProject "Pallet" */ = {
			isa = XCConfigurationList;
			buildConfigurations = (
				381351B8144B33D10024B795 /* Debug */,
				381351B9144B33D10024B795 /* Release */,
			);
			defaultConfigurationIsVisible = 0;
			defaultConfigurationName = Release;
		};
		381351BA144B33D10024B795 /* Build configuration list for PBXNativeTarget "Pallet" */ = {
			isa = XCConfigurationList;
			buildConfigurations = (
				381351BB144B33D10024B795 /* Debug */,
				381351BC144B33D10024B795 /* Release */,
			);
			defaultConfigurationIsVisible = 0;
			defaultConfigurationName = Release;
		};
/* End XCConfigurationList section */
	};
	rootObject = 38135199144B33D10024B795 /* Project object */;
}
