// !$*UTF8*$!
{
	archiveVersion = 1;
	classes = {
	};
	objectVersion = 46;
	objects = {

/* Begin PBXBuildFile section */
		47FF0AF116FF212E00CB5328 /* UIKit.framework in Frameworks */ = {isa = PBXBuildFile; fileRef = 47FF0AF016FF212E00CB5328 /* UIKit.framework */; };
		47FF0AF316FF212E00CB5328 /* Foundation.framework in Frameworks */ = {isa = PBXBuildFile; fileRef = 47FF0AF216FF212E00CB5328 /* Foundation.framework */; };
		47FF0AF516FF212E00CB5328 /* CoreGraphics.framework in Frameworks */ = {isa = PBXBuildFile; fileRef = 47FF0AF416FF212E00CB5328 /* CoreGraphics.framework */; };
		47FF0AFB16FF212E00CB5328 /* InfoPlist.strings in Resources */ = {isa = PBXBuildFile; fileRef = 47FF0AF916FF212E00CB5328 /* InfoPlist.strings */; };
		47FF0AFD16FF212E00CB5328 /* main.m in Sources */ = {isa = PBXBuildFile; fileRef = 47FF0AFC16FF212E00CB5328 /* main.m */; };
		47FF0B0316FF212E00CB5328 /* Default.png in Resources */ = {isa = PBXBuildFile; fileRef = 47FF0B0216FF212E00CB5328 /* Default.png */; };
		47FF0B0516FF212E00CB5328 /* Default@2x.png in Resources */ = {isa = PBXBuildFile; fileRef = 47FF0B0416FF212E00CB5328 /* Default@2x.png */; };
		47FF0B0716FF212E00CB5328 /* Default-568h@2x.png in Resources */ = {isa = PBXBuildFile; fileRef = 47FF0B0616FF212E00CB5328 /* Default-568h@2x.png */; };
		47FF0B0F16FF24AC00CB5328 /* RetryAppDelegate.m in Sources */ = {isa = PBXBuildFile; fileRef = 47FF0B0E16FF24AC00CB5328 /* RetryAppDelegate.m */; };
/* End PBXBuildFile section */

/* Begin PBXFileReference section */
		47FF0AED16FF212E00CB5328 /* Backbone.app */ = {isa = PBXFileReference; explicitFileType = wrapper.application; includeInIndex = 0; path = Backbone.app; sourceTree = BUILT_PRODUCTS_DIR; };
		47FF0AF016FF212E00CB5328 /* UIKit.framework */ = {isa = PBXFileReference; lastKnownFileType = wrapper.framework; name = UIKit.framework; path = System/Library/Frameworks/UIKit.framework; sourceTree = SDKROOT; };
		47FF0AF216FF212E00CB5328 /* Foundation.framework */ = {isa = PBXFileReference; lastKnownFileType = wrapper.framework; name = Foundation.framework; path = System/Library/Frameworks/Foundation.framework; sourceTree = SDKROOT; };
		47FF0AF416FF212E00CB5328 /* CoreGraphics.framework */ = {isa = PBXFileReference; lastKnownFileType = wrapper.framework; name = CoreGraphics.framework; path = System/Library/Frameworks/CoreGraphics.framework; sourceTree = SDKROOT; };
		47FF0AF816FF212E00CB5328 /* Backbone-Info.plist */ = {isa = PBXFileReference; lastKnownFileType = text.plist.xml; path = "Backbone-Info.plist"; sourceTree = "<group>"; };
		47FF0AFA16FF212E00CB5328 /* en */ = {isa = PBXFileReference; lastKnownFileType = text.plist.strings; name = en; path = en.lproj/InfoPlist.strings; sourceTree = "<group>"; };
		47FF0AFC16FF212E00CB5328 /* main.m */ = {isa = PBXFileReference; lastKnownFileType = sourcecode.c.objc; path = main.m; sourceTree = "<group>"; };
		47FF0AFE16FF212E00CB5328 /* Backbone-Prefix.pch */ = {isa = PBXFileReference; lastKnownFileType = sourcecode.c.h; path = "Backbone-Prefix.pch"; sourceTree = "<group>"; };
		47FF0B0216FF212E00CB5328 /* Default.png */ = {isa = PBXFileReference; lastKnownFileType = image.png; path = Default.png; sourceTree = "<group>"; };
		47FF0B0416FF212E00CB5328 /* Default@2x.png */ = {isa = PBXFileReference; lastKnownFileType = image.png; path = "Default@2x.png"; sourceTree = "<group>"; };
		47FF0B0616FF212E00CB5328 /* Default-568h@2x.png */ = {isa = PBXFileReference; lastKnownFileType = image.png; path = "Default-568h@2x.png"; sourceTree = "<group>"; };
		47FF0B0D16FF24AC00CB5328 /* RetryAppDelegate.h */ = {isa = PBXFileReference; fileEncoding = 4; lastKnownFileType = sourcecode.c.h; path = RetryAppDelegate.h; sourceTree = "<group>"; };
		47FF0B0E16FF24AC00CB5328 /* RetryAppDelegate.m */ = {isa = PBXFileReference; fileEncoding = 4; lastKnownFileType = sourcecode.c.objc; path = RetryAppDelegate.m; sourceTree = "<group>"; };
/* End PBXFileReference section */

/* Begin PBXFrameworksBuildPhase section */
		47FF0AEA16FF212E00CB5328 /* Frameworks */ = {
			isa = PBXFrameworksBuildPhase;
			buildActionMask = 2147483647;
			files = (
				47FF0AF116FF212E00CB5328 /* UIKit.framework in Frameworks */,
				47FF0AF316FF212E00CB5328 /* Foundation.framework in Frameworks */,
				47FF0AF516FF212E00CB5328 /* CoreGraphics.framework in Frameworks */,
			);
			runOnlyForDeploymentPostprocessing = 0;
		};
/* End PBXFrameworksBuildPhase section */

/* Begin PBXGroup section */
		47FF0AE416FF212E00CB5328 = {
			isa = PBXGroup;
			children = (
				47FF0AF616FF212E00CB5328 /* Backbone */,
				47FF0AEF16FF212E00CB5328 /* Frameworks */,
				47FF0AEE16FF212E00CB5328 /* Products */,
			);
			sourceTree = "<group>";
		};
		47FF0AEE16FF212E00CB5328 /* Products */ = {
			isa = PBXGroup;
			children = (
				47FF0AED16FF212E00CB5328 /* Backbone.app */,
			);
			name = Products;
			sourceTree = "<group>";
		};
		47FF0AEF16FF212E00CB5328 /* Frameworks */ = {
			isa = PBXGroup;
			children = (
				47FF0AF016FF212E00CB5328 /* UIKit.framework */,
				47FF0AF216FF212E00CB5328 /* Foundation.framework */,
				47FF0AF416FF212E00CB5328 /* CoreGraphics.framework */,
			);
			name = Frameworks;
			sourceTree = "<group>";
		};
		47FF0AF616FF212E00CB5328 /* Backbone */ = {
			isa = PBXGroup;
			children = (
				47FF0B0D16FF24AC00CB5328 /* RetryAppDelegate.h */,
				47FF0B0E16FF24AC00CB5328 /* RetryAppDelegate.m */,
				47FF0AF716FF212E00CB5328 /* Supporting Files */,
			);
			path = Backbone;
			sourceTree = "<group>";
		};
		47FF0AF716FF212E00CB5328 /* Supporting Files */ = {
			isa = PBXGroup;
			children = (
				47FF0AF816FF212E00CB5328 /* Backbone-Info.plist */,
				47FF0AF916FF212E00CB5328 /* InfoPlist.strings */,
				47FF0AFC16FF212E00CB5328 /* main.m */,
				47FF0AFE16FF212E00CB5328 /* Backbone-Prefix.pch */,
				47FF0B0216FF212E00CB5328 /* Default.png */,
				47FF0B0416FF212E00CB5328 /* Default@2x.png */,
				47FF0B0616FF212E00CB5328 /* Default-568h@2x.png */,
			);
			name = "Supporting Files";
			sourceTree = "<group>";
		};
/* End PBXGroup section */

/* Begin PBXNativeTarget section */
		47FF0AEC16FF212E00CB5328 /* Backbone */ = {
			isa = PBXNativeTarget;
			buildConfigurationList = 47FF0B0A16FF212E00CB5328 /* Build configuration list for PBXNativeTarget "Backbone" */;
			buildPhases = (
				47FF0AE916FF212E00CB5328 /* Sources */,
				47FF0AEA16FF212E00CB5328 /* Frameworks */,
				47FF0AEB16FF212E00CB5328 /* Resources */,
			);
			buildRules = (
			);
			dependencies = (
			);
			name = Backbone;
			productName = Backbone;
			productReference = 47FF0AED16FF212E00CB5328 /* Backbone.app */;
			productType = "com.apple.product-type.application";
		};
/* End PBXNativeTarget section */

/* Begin PBXProject section */
		47FF0AE516FF212E00CB5328 /* Project object */ = {
			isa = PBXProject;
			attributes = {
				CLASSPREFIX = Study;
				LastUpgradeCheck = 0460;
				ORGANIZATIONNAME = "Yohei Yamaguchi";
			};
			buildConfigurationList = 47FF0AE816FF212E00CB5328 /* Build configuration list for PBXProject "Backbone" */;
			compatibilityVersion = "Xcode 3.2";
			developmentRegion = English;
			hasScannedForEncodings = 0;
			knownRegions = (
				en,
			);
			mainGroup = 47FF0AE416FF212E00CB5328;
			productRefGroup = 47FF0AEE16FF212E00CB5328 /* Products */;
			projectDirPath = "";
			projectRoot = "";
			targets = (
				47FF0AEC16FF212E00CB5328 /* Backbone */,
			);
		};
/* End PBXProject section */

/* Begin PBXResourcesBuildPhase section */
		47FF0AEB16FF212E00CB5328 /* Resources */ = {
			isa = PBXResourcesBuildPhase;
			buildActionMask = 2147483647;
			files = (
				47FF0AFB16FF212E00CB5328 /* InfoPlist.strings in Resources */,
				47FF0B0316FF212E00CB5328 /* Default.png in Resources */,
				47FF0B0516FF212E00CB5328 /* Default@2x.png in Resources */,
				47FF0B0716FF212E00CB5328 /* Default-568h@2x.png in Resources */,
			);
			runOnlyForDeploymentPostprocessing = 0;
		};
/* End PBXResourcesBuildPhase section */

/* Begin PBXSourcesBuildPhase section */
		47FF0AE916FF212E00CB5328 /* Sources */ = {
			isa = PBXSourcesBuildPhase;
			buildActionMask = 2147483647;
			files = (
				47FF0AFD16FF212E00CB5328 /* main.m in Sources */,
				47FF0B0F16FF24AC00CB5328 /* RetryAppDelegate.m in Sources */,
			);
			runOnlyForDeploymentPostprocessing = 0;
		};
/* End PBXSourcesBuildPhase section */

/* Begin PBXVariantGroup section */
		47FF0AF916FF212E00CB5328 /* InfoPlist.strings */ = {
			isa = PBXVariantGroup;
			children = (
				47FF0AFA16FF212E00CB5328 /* en */,
			);
			name = InfoPlist.strings;
			sourceTree = "<group>";
		};
/* End PBXVariantGroup section */

/* Begin XCBuildConfiguration section */
		47FF0B0816FF212E00CB5328 /* Debug */ = {
			isa = XCBuildConfiguration;
			buildSettings = {
				ALWAYS_SEARCH_USER_PATHS = NO;
				CLANG_CXX_LANGUAGE_STANDARD = "gnu++0x";
				CLANG_CXX_LIBRARY = "libc++";
				CLANG_ENABLE_OBJC_ARC = YES;
				CLANG_WARN_CONSTANT_CONVERSION = YES;
				CLANG_WARN_EMPTY_BODY = YES;
				CLANG_WARN_ENUM_CONVERSION = YES;
				CLANG_WARN_INT_CONVERSION = YES;
				CLANG_WARN__DUPLICATE_METHOD_MATCH = YES;
				"CODE_SIGN_IDENTITY[sdk=iphoneos*]" = "iPhone Developer";
				COPY_PHASE_STRIP = NO;
				GCC_C_LANGUAGE_STANDARD = gnu99;
				GCC_DYNAMIC_NO_PIC = NO;
				GCC_OPTIMIZATION_LEVEL = 0;
				GCC_PREPROCESSOR_DEFINITIONS = (
					"DEBUG=1",
					"$(inherited)",
				);
				GCC_SYMBOLS_PRIVATE_EXTERN = NO;
				GCC_WARN_ABOUT_RETURN_TYPE = YES;
				GCC_WARN_UNINITIALIZED_AUTOS = YES;
				GCC_WARN_UNUSED_VARIABLE = YES;
				IPHONEOS_DEPLOYMENT_TARGET = 6.1;
				ONLY_ACTIVE_ARCH = YES;
				SDKROOT = iphoneos;
			};
			name = Debug;
		};
		47FF0B0916FF212E00CB5328 /* Release */ = {
			isa = XCBuildConfiguration;
			buildSettings = {
				ALWAYS_SEARCH_USER_PATHS = NO;
				CLANG_CXX_LANGUAGE_STANDARD = "gnu++0x";
				CLANG_CXX_LIBRARY = "libc++";
				CLANG_ENABLE_OBJC_ARC = YES;
				CLANG_WARN_CONSTANT_CONVERSION = YES;
				CLANG_WARN_EMPTY_BODY = YES;
				CLANG_WARN_ENUM_CONVERSION = YES;
				CLANG_WARN_INT_CONVERSION = YES;
				CLANG_WARN__DUPLICATE_METHOD_MATCH = YES;
				"CODE_SIGN_IDENTITY[sdk=iphoneos*]" = "iPhone Developer";
				COPY_PHASE_STRIP = YES;
				GCC_C_LANGUAGE_STANDARD = gnu99;
				GCC_WARN_ABOUT_RETURN_TYPE = YES;
				GCC_WARN_UNINITIALIZED_AUTOS = YES;
				GCC_WARN_UNUSED_VARIABLE = YES;
				IPHONEOS_DEPLOYMENT_TARGET = 6.1;
				OTHER_CFLAGS = "-DNS_BLOCK_ASSERTIONS=1";
				SDKROOT = iphoneos;
				VALIDATE_PRODUCT = YES;
			};
			name = Release;
		};
		47FF0B0B16FF212E00CB5328 /* Debug */ = {
			isa = XCBuildConfiguration;
			buildSettings = {
				GCC_PRECOMPILE_PREFIX_HEADER = YES;
				GCC_PREFIX_HEADER = "Backbone/Backbone-Prefix.pch";
				INFOPLIST_FILE = "Backbone/Backbone-Info.plist";
				PRODUCT_NAME = "$(TARGET_NAME)";
				WRAPPER_EXTENSION = app;
			};
			name = Debug;
		};
		47FF0B0C16FF212E00CB5328 /* Release */ = {
			isa = XCBuildConfiguration;
			buildSettings = {
				GCC_PRECOMPILE_PREFIX_HEADER = YES;
				GCC_PREFIX_HEADER = "Backbone/Backbone-Prefix.pch";
				INFOPLIST_FILE = "Backbone/Backbone-Info.plist";
				PRODUCT_NAME = "$(TARGET_NAME)";
				WRAPPER_EXTENSION = app;
			};
			name = Release;
		};
/* End XCBuildConfiguration section */

/* Begin XCConfigurationList section */
		47FF0AE816FF212E00CB5328 /* Build configuration list for PBXProject "Backbone" */ = {
			isa = XCConfigurationList;
			buildConfigurations = (
				47FF0B0816FF212E00CB5328 /* Debug */,
				47FF0B0916FF212E00CB5328 /* Release */,
			);
			defaultConfigurationIsVisible = 0;
			defaultConfigurationName = Release;
		};
		47FF0B0A16FF212E00CB5328 /* Build configuration list for PBXNativeTarget "Backbone" */ = {
			isa = XCConfigurationList;
			buildConfigurations = (
				47FF0B0B16FF212E00CB5328 /* Debug */,
				47FF0B0C16FF212E00CB5328 /* Release */,
			);
			defaultConfigurationIsVisible = 0;
		};
/* End XCConfigurationList section */
	};
	rootObject = 47FF0AE516FF212E00CB5328 /* Project object */;
}
